// !$*UTF8*$!
{
	archiveVersion = 1;
	classes = {
	};
	objectVersion = 56;
	objects = {

/* Begin PBXBuildFile section */
		7B3E1B972AF0D5E300EB1ECB /* ios_ci_cdApp.swift in Sources */ = {isa = PBXBuildFile; fileRef = 7B3E1B962AF0D5E300EB1ECB /* ios_ci_cdApp.swift */; };
		7B3E1B992AF0D5E300EB1ECB /* ContentView.swift in Sources */ = {isa = PBXBuildFile; fileRef = 7B3E1B982AF0D5E300EB1ECB /* ContentView.swift */; };
		7B3E1B9B2AF0D5E300EB1ECB /* Item.swift in Sources */ = {isa = PBXBuildFile; fileRef = 7B3E1B9A2AF0D5E300EB1ECB /* Item.swift */; };
		7B3E1B9D2AF0D5E500EB1ECB /* Assets.xcassets in Resources */ = {isa = PBXBuildFile; fileRef = 7B3E1B9C2AF0D5E500EB1ECB /* Assets.xcassets */; };
		7B3E1BA02AF0D5E500EB1ECB /* Preview Assets.xcassets in Resources */ = {isa = PBXBuildFile; fileRef = 7B3E1B9F2AF0D5E500EB1ECB /* Preview Assets.xcassets */; };
		7B3E1BAA2AF0D5E600EB1ECB /* ios_ci_cdTests.swift in Sources */ = {isa = PBXBuildFile; fileRef = 7B3E1BA92AF0D5E600EB1ECB /* ios_ci_cdTests.swift */; };
		7B3E1BB42AF0D5E600EB1ECB /* ios_ci_cdUITests.swift in Sources */ = {isa = PBXBuildFile; fileRef = 7B3E1BB32AF0D5E600EB1ECB /* ios_ci_cdUITests.swift */; };
		7B3E1BB62AF0D5E600EB1ECB /* ios_ci_cdUITestsLaunchTests.swift in Sources */ = {isa = PBXBuildFile; fileRef = 7B3E1BB52AF0D5E600EB1ECB /* ios_ci_cdUITestsLaunchTests.swift */; };
/* End PBXBuildFile section */

/* Begin PBXContainerItemProxy section */
		7B3E1BA62AF0D5E600EB1ECB /* PBXContainerItemProxy */ = {
			isa = PBXContainerItemProxy;
			containerPortal = 7B3E1B8B2AF0D5E300EB1ECB /* Project object */;
			proxyType = 1;
			remoteGlobalIDString = 7B3E1B922AF0D5E300EB1ECB;
			remoteInfo = "ios-ci-cd";
		};
		7B3E1BB02AF0D5E600EB1ECB /* PBXContainerItemProxy */ = {
			isa = PBXContainerItemProxy;
			containerPortal = 7B3E1B8B2AF0D5E300EB1ECB /* Project object */;
			proxyType = 1;
			remoteGlobalIDString = 7B3E1B922AF0D5E300EB1ECB;
			remoteInfo = "ios-ci-cd";
		};
/* End PBXContainerItemProxy section */

/* Begin PBXFileReference section */
		7B3E1B932AF0D5E300EB1ECB /* ios-ci-cd.app */ = {isa = PBXFileReference; explicitFileType = wrapper.application; includeInIndex = 0; path = "ios-ci-cd.app"; sourceTree = BUILT_PRODUCTS_DIR; };
		7B3E1B962AF0D5E300EB1ECB /* ios_ci_cdApp.swift */ = {isa = PBXFileReference; lastKnownFileType = sourcecode.swift; path = ios_ci_cdApp.swift; sourceTree = "<group>"; };
		7B3E1B982AF0D5E300EB1ECB /* ContentView.swift */ = {isa = PBXFileReference; lastKnownFileType = sourcecode.swift; path = ContentView.swift; sourceTree = "<group>"; };
		7B3E1B9A2AF0D5E300EB1ECB /* Item.swift */ = {isa = PBXFileReference; lastKnownFileType = sourcecode.swift; path = Item.swift; sourceTree = "<group>"; };
		7B3E1B9C2AF0D5E500EB1ECB /* Assets.xcassets */ = {isa = PBXFileReference; lastKnownFileType = folder.assetcatalog; path = Assets.xcassets; sourceTree = "<group>"; };
		7B3E1B9F2AF0D5E500EB1ECB /* Preview Assets.xcassets */ = {isa = PBXFileReference; lastKnownFileType = folder.assetcatalog; path = "Preview Assets.xcassets"; sourceTree = "<group>"; };
		7B3E1BA52AF0D5E600EB1ECB /* ios-ci-cdTests.xctest */ = {isa = PBXFileReference; explicitFileType = wrapper.cfbundle; includeInIndex = 0; path = "ios-ci-cdTests.xctest"; sourceTree = BUILT_PRODUCTS_DIR; };
		7B3E1BA92AF0D5E600EB1ECB /* ios_ci_cdTests.swift */ = {isa = PBXFileReference; lastKnownFileType = sourcecode.swift; path = ios_ci_cdTests.swift; sourceTree = "<group>"; };
		7B3E1BAF2AF0D5E600EB1ECB /* ios-ci-cdUITests.xctest */ = {isa = PBXFileReference; explicitFileType = wrapper.cfbundle; includeInIndex = 0; path = "ios-ci-cdUITests.xctest"; sourceTree = BUILT_PRODUCTS_DIR; };
		7B3E1BB32AF0D5E600EB1ECB /* ios_ci_cdUITests.swift */ = {isa = PBXFileReference; lastKnownFileType = sourcecode.swift; path = ios_ci_cdUITests.swift; sourceTree = "<group>"; };
		7B3E1BB52AF0D5E600EB1ECB /* ios_ci_cdUITestsLaunchTests.swift */ = {isa = PBXFileReference; lastKnownFileType = sourcecode.swift; path = ios_ci_cdUITestsLaunchTests.swift; sourceTree = "<group>"; };
/* End PBXFileReference section */

/* Begin PBXFrameworksBuildPhase section */
		7B3E1B902AF0D5E300EB1ECB /* Frameworks */ = {
			isa = PBXFrameworksBuildPhase;
			buildActionMask = 2147483647;
			files = (
			);
			runOnlyForDeploymentPostprocessing = 0;
		};
		7B3E1BA22AF0D5E600EB1ECB /* Frameworks */ = {
			isa = PBXFrameworksBuildPhase;
			buildActionMask = 2147483647;
			files = (
			);
			runOnlyForDeploymentPostprocessing = 0;
		};
		7B3E1BAC2AF0D5E600EB1ECB /* Frameworks */ = {
			isa = PBXFrameworksBuildPhase;
			buildActionMask = 2147483647;
			files = (
			);
			runOnlyForDeploymentPostprocessing = 0;
		};
/* End PBXFrameworksBuildPhase section */

/* Begin PBXGroup section */
		7B3E1B8A2AF0D5E300EB1ECB = {
			isa = PBXGroup;
			children = (
				7B3E1B952AF0D5E300EB1ECB /* ios-ci-cd */,
				7B3E1BA82AF0D5E600EB1ECB /* ios-ci-cdTests */,
				7B3E1BB22AF0D5E600EB1ECB /* ios-ci-cdUITests */,
				7B3E1B942AF0D5E300EB1ECB /* Products */,
			);
			sourceTree = "<group>";
		};
		7B3E1B942AF0D5E300EB1ECB /* Products */ = {
			isa = PBXGroup;
			children = (
				7B3E1B932AF0D5E300EB1ECB /* ios-ci-cd.app */,
				7B3E1BA52AF0D5E600EB1ECB /* ios-ci-cdTests.xctest */,
				7B3E1BAF2AF0D5E600EB1ECB /* ios-ci-cdUITests.xctest */,
			);
			name = Products;
			sourceTree = "<group>";
		};
		7B3E1B952AF0D5E300EB1ECB /* ios-ci-cd */ = {
			isa = PBXGroup;
			children = (
				7B3E1B962AF0D5E300EB1ECB /* ios_ci_cdApp.swift */,
				7B3E1B982AF0D5E300EB1ECB /* ContentView.swift */,
				7B3E1B9A2AF0D5E300EB1ECB /* Item.swift */,
				7B3E1B9C2AF0D5E500EB1ECB /* Assets.xcassets */,
				7B3E1B9E2AF0D5E500EB1ECB /* Preview Content */,
			);
			path = "ios-ci-cd";
			sourceTree = "<group>";
		};
		7B3E1B9E2AF0D5E500EB1ECB /* Preview Content */ = {
			isa = PBXGroup;
			children = (
				7B3E1B9F2AF0D5E500EB1ECB /* Preview Assets.xcassets */,
			);
			path = "Preview Content";
			sourceTree = "<group>";
		};
		7B3E1BA82AF0D5E600EB1ECB /* ios-ci-cdTests */ = {
			isa = PBXGroup;
			children = (
				7B3E1BA92AF0D5E600EB1ECB /* ios_ci_cdTests.swift */,
			);
			path = "ios-ci-cdTests";
			sourceTree = "<group>";
		};
		7B3E1BB22AF0D5E600EB1ECB /* ios-ci-cdUITests */ = {
			isa = PBXGroup;
			children = (
				7B3E1BB32AF0D5E600EB1ECB /* ios_ci_cdUITests.swift */,
				7B3E1BB52AF0D5E600EB1ECB /* ios_ci_cdUITestsLaunchTests.swift */,
			);
			path = "ios-ci-cdUITests";
			sourceTree = "<group>";
		};
/* End PBXGroup section */

/* Begin PBXNativeTarget section */
		7B3E1B922AF0D5E300EB1ECB /* ios-ci-cd */ = {
			isa = PBXNativeTarget;
			buildConfigurationList = 7B3E1BB92AF0D5E600EB1ECB /* Build configuration list for PBXNativeTarget "ios-ci-cd" */;
			buildPhases = (
				7B3E1B8F2AF0D5E300EB1ECB /* Sources */,
				7B3E1B902AF0D5E300EB1ECB /* Frameworks */,
				7B3E1B912AF0D5E300EB1ECB /* Resources */,
			);
			buildRules = (
			);
			dependencies = (
			);
			name = "ios-ci-cd";
			productName = "ios-ci-cd";
			productReference = 7B3E1B932AF0D5E300EB1ECB /* ios-ci-cd.app */;
			productType = "com.apple.product-type.application";
		};
		7B3E1BA42AF0D5E600EB1ECB /* ios-ci-cdTests */ = {
			isa = PBXNativeTarget;
			buildConfigurationList = 7B3E1BBC2AF0D5E600EB1ECB /* Build configuration list for PBXNativeTarget "ios-ci-cdTests" */;
			buildPhases = (
				7B3E1BA12AF0D5E600EB1ECB /* Sources */,
				7B3E1BA22AF0D5E600EB1ECB /* Frameworks */,
				7B3E1BA32AF0D5E600EB1ECB /* Resources */,
			);
			buildRules = (
			);
			dependencies = (
				7B3E1BA72AF0D5E600EB1ECB /* PBXTargetDependency */,
			);
			name = "ios-ci-cdTests";
			productName = "ios-ci-cdTests";
			productReference = 7B3E1BA52AF0D5E600EB1ECB /* ios-ci-cdTests.xctest */;
			productType = "com.apple.product-type.bundle.unit-test";
		};
		7B3E1BAE2AF0D5E600EB1ECB /* ios-ci-cdUITests */ = {
			isa = PBXNativeTarget;
			buildConfigurationList = 7B3E1BBF2AF0D5E600EB1ECB /* Build configuration list for PBXNativeTarget "ios-ci-cdUITests" */;
			buildPhases = (
				7B3E1BAB2AF0D5E600EB1ECB /* Sources */,
				7B3E1BAC2AF0D5E600EB1ECB /* Frameworks */,
				7B3E1BAD2AF0D5E600EB1ECB /* Resources */,
			);
			buildRules = (
			);
			dependencies = (
				7B3E1BB12AF0D5E600EB1ECB /* PBXTargetDependency */,
			);
			name = "ios-ci-cdUITests";
			productName = "ios-ci-cdUITests";
			productReference = 7B3E1BAF2AF0D5E600EB1ECB /* ios-ci-cdUITests.xctest */;
			productType = "com.apple.product-type.bundle.ui-testing";
		};
/* End PBXNativeTarget section */

/* Begin PBXProject section */
		7B3E1B8B2AF0D5E300EB1ECB /* Project object */ = {
			isa = PBXProject;
			attributes = {
				BuildIndependentTargetsInParallel = 1;
				LastSwiftUpdateCheck = 1500;
				LastUpgradeCheck = 1500;
				TargetAttributes = {
					7B3E1B922AF0D5E300EB1ECB = {
						CreatedOnToolsVersion = 15.0.1;
					};
					7B3E1BA42AF0D5E600EB1ECB = {
						CreatedOnToolsVersion = 15.0.1;
						TestTargetID = 7B3E1B922AF0D5E300EB1ECB;
					};
					7B3E1BAE2AF0D5E600EB1ECB = {
						CreatedOnToolsVersion = 15.0.1;
						TestTargetID = 7B3E1B922AF0D5E300EB1ECB;
					};
				};
			};
			buildConfigurationList = 7B3E1B8E2AF0D5E300EB1ECB /* Build configuration list for PBXProject "ios-ci-cd" */;
			compatibilityVersion = "Xcode 14.0";
			developmentRegion = en;
			hasScannedForEncodings = 0;
			knownRegions = (
				en,
				Base,
			);
			mainGroup = 7B3E1B8A2AF0D5E300EB1ECB;
			productRefGroup = 7B3E1B942AF0D5E300EB1ECB /* Products */;
			projectDirPath = "";
			projectRoot = "";
			targets = (
				7B3E1B922AF0D5E300EB1ECB /* ios-ci-cd */,
				7B3E1BA42AF0D5E600EB1ECB /* ios-ci-cdTests */,
				7B3E1BAE2AF0D5E600EB1ECB /* ios-ci-cdUITests */,
			);
		};
/* End PBXProject section */

/* Begin PBXResourcesBuildPhase section */
		7B3E1B912AF0D5E300EB1ECB /* Resources */ = {
			isa = PBXResourcesBuildPhase;
			buildActionMask = 2147483647;
			files = (
				7B3E1BA02AF0D5E500EB1ECB /* Preview Assets.xcassets in Resources */,
				7B3E1B9D2AF0D5E500EB1ECB /* Assets.xcassets in Resources */,
			);
			runOnlyForDeploymentPostprocessing = 0;
		};
		7B3E1BA32AF0D5E600EB1ECB /* Resources */ = {
			isa = PBXResourcesBuildPhase;
			buildActionMask = 2147483647;
			files = (
			);
			runOnlyForDeploymentPostprocessing = 0;
		};
		7B3E1BAD2AF0D5E600EB1ECB /* Resources */ = {
			isa = PBXResourcesBuildPhase;
			buildActionMask = 2147483647;
			files = (
			);
			runOnlyForDeploymentPostprocessing = 0;
		};
/* End PBXResourcesBuildPhase section */

/* Begin PBXSourcesBuildPhase section */
		7B3E1B8F2AF0D5E300EB1ECB /* Sources */ = {
			isa = PBXSourcesBuildPhase;
			buildActionMask = 2147483647;
			files = (
				7B3E1B992AF0D5E300EB1ECB /* ContentView.swift in Sources */,
				7B3E1B9B2AF0D5E300EB1ECB /* Item.swift in Sources */,
				7B3E1B972AF0D5E300EB1ECB /* ios_ci_cdApp.swift in Sources */,
			);
			runOnlyForDeploymentPostprocessing = 0;
		};
		7B3E1BA12AF0D5E600EB1ECB /* Sources */ = {
			isa = PBXSourcesBuildPhase;
			buildActionMask = 2147483647;
			files = (
				7B3E1BAA2AF0D5E600EB1ECB /* ios_ci_cdTests.swift in Sources */,
			);
			runOnlyForDeploymentPostprocessing = 0;
		};
		7B3E1BAB2AF0D5E600EB1ECB /* Sources */ = {
			isa = PBXSourcesBuildPhase;
			buildActionMask = 2147483647;
			files = (
				7B3E1BB42AF0D5E600EB1ECB /* ios_ci_cdUITests.swift in Sources */,
				7B3E1BB62AF0D5E600EB1ECB /* ios_ci_cdUITestsLaunchTests.swift in Sources */,
			);
			runOnlyForDeploymentPostprocessing = 0;
		};
/* End PBXSourcesBuildPhase section */

/* Begin PBXTargetDependency section */
		7B3E1BA72AF0D5E600EB1ECB /* PBXTargetDependency */ = {
			isa = PBXTargetDependency;
			target = 7B3E1B922AF0D5E300EB1ECB /* ios-ci-cd */;
			targetProxy = 7B3E1BA62AF0D5E600EB1ECB /* PBXContainerItemProxy */;
		};
		7B3E1BB12AF0D5E600EB1ECB /* PBXTargetDependency */ = {
			isa = PBXTargetDependency;
			target = 7B3E1B922AF0D5E300EB1ECB /* ios-ci-cd */;
			targetProxy = 7B3E1BB02AF0D5E600EB1ECB /* PBXContainerItemProxy */;
		};
/* End PBXTargetDependency section */

/* Begin XCBuildConfiguration section */
		7B3E1BB72AF0D5E600EB1ECB /* Debug */ = {
			isa = XCBuildConfiguration;
			buildSettings = {
				ALWAYS_SEARCH_USER_PATHS = NO;
				ASSETCATALOG_COMPILER_GENERATE_SWIFT_ASSET_SYMBOL_EXTENSIONS = YES;
				CLANG_ANALYZER_NONNULL = YES;
				CLANG_ANALYZER_NUMBER_OBJECT_CONVERSION = YES_AGGRESSIVE;
				CLANG_CXX_LANGUAGE_STANDARD = "gnu++20";
				CLANG_ENABLE_MODULES = YES;
				CLANG_ENABLE_OBJC_ARC = YES;
				CLANG_ENABLE_OBJC_WEAK = YES;
				CLANG_WARN_BLOCK_CAPTURE_AUTORELEASING = YES;
				CLANG_WARN_BOOL_CONVERSION = YES;
				CLANG_WARN_COMMA = YES;
				CLANG_WARN_CONSTANT_CONVERSION = YES;
				CLANG_WARN_DEPRECATED_OBJC_IMPLEMENTATIONS = YES;
				CLANG_WARN_DIRECT_OBJC_ISA_USAGE = YES_ERROR;
				CLANG_WARN_DOCUMENTATION_COMMENTS = YES;
				CLANG_WARN_EMPTY_BODY = YES;
				CLANG_WARN_ENUM_CONVERSION = YES;
				CLANG_WARN_INFINITE_RECURSION = YES;
				CLANG_WARN_INT_CONVERSION = YES;
				CLANG_WARN_NON_LITERAL_NULL_CONVERSION = YES;
				CLANG_WARN_OBJC_IMPLICIT_RETAIN_SELF = YES;
				CLANG_WARN_OBJC_LITERAL_CONVERSION = YES;
				CLANG_WARN_OBJC_ROOT_CLASS = YES_ERROR;
				CLANG_WARN_QUOTED_INCLUDE_IN_FRAMEWORK_HEADER = YES;
				CLANG_WARN_RANGE_LOOP_ANALYSIS = YES;
				CLANG_WARN_STRICT_PROTOTYPES = YES;
				CLANG_WARN_SUSPICIOUS_MOVE = YES;
				CLANG_WARN_UNGUARDED_AVAILABILITY = YES_AGGRESSIVE;
				CLANG_WARN_UNREACHABLE_CODE = YES;
				CLANG_WARN__DUPLICATE_METHOD_MATCH = YES;
				COPY_PHASE_STRIP = NO;
				DEBUG_INFORMATION_FORMAT = dwarf;
				ENABLE_STRICT_OBJC_MSGSEND = YES;
				ENABLE_TESTABILITY = YES;
				ENABLE_USER_SCRIPT_SANDBOXING = YES;
				GCC_C_LANGUAGE_STANDARD = gnu17;
				GCC_DYNAMIC_NO_PIC = NO;
				GCC_NO_COMMON_BLOCKS = YES;
				GCC_OPTIMIZATION_LEVEL = 0;
				GCC_PREPROCESSOR_DEFINITIONS = (
					"DEBUG=1",
					"$(inherited)",
				);
				GCC_WARN_64_TO_32_BIT_CONVERSION = YES;
				GCC_WARN_ABOUT_RETURN_TYPE = YES_ERROR;
				GCC_WARN_UNDECLARED_SELECTOR = YES;
				GCC_WARN_UNINITIALIZED_AUTOS = YES_AGGRESSIVE;
				GCC_WARN_UNUSED_FUNCTION = YES;
				GCC_WARN_UNUSED_VARIABLE = YES;
				IPHONEOS_DEPLOYMENT_TARGET = 17.0;
				LOCALIZATION_PREFERS_STRING_CATALOGS = YES;
				MTL_ENABLE_DEBUG_INFO = INCLUDE_SOURCE;
				MTL_FAST_MATH = YES;
				ONLY_ACTIVE_ARCH = YES;
				SDKROOT = iphoneos;
				SWIFT_ACTIVE_COMPILATION_CONDITIONS = "DEBUG $(inherited)";
				SWIFT_OPTIMIZATION_LEVEL = "-Onone";
			};
			name = Debug;
		};
		7B3E1BB82AF0D5E600EB1ECB /* Release */ = {
			isa = XCBuildConfiguration;
			buildSettings = {
				ALWAYS_SEARCH_USER_PATHS = NO;
				ASSETCATALOG_COMPILER_GENERATE_SWIFT_ASSET_SYMBOL_EXTENSIONS = YES;
				CLANG_ANALYZER_NONNULL = YES;
				CLANG_ANALYZER_NUMBER_OBJECT_CONVERSION = YES_AGGRESSIVE;
				CLANG_CXX_LANGUAGE_STANDARD = "gnu++20";
				CLANG_ENABLE_MODULES = YES;
				CLANG_ENABLE_OBJC_ARC = YES;
				CLANG_ENABLE_OBJC_WEAK = YES;
				CLANG_WARN_BLOCK_CAPTURE_AUTORELEASING = YES;
				CLANG_WARN_BOOL_CONVERSION = YES;
				CLANG_WARN_COMMA = YES;
				CLANG_WARN_CONSTANT_CONVERSION = YES;
				CLANG_WARN_DEPRECATED_OBJC_IMPLEMENTATIONS = YES;
				CLANG_WARN_DIRECT_OBJC_ISA_USAGE = YES_ERROR;
				CLANG_WARN_DOCUMENTATION_COMMENTS = YES;
				CLANG_WARN_EMPTY_BODY = YES;
				CLANG_WARN_ENUM_CONVERSION = YES;
				CLANG_WARN_INFINITE_RECURSION = YES;
				CLANG_WARN_INT_CONVERSION = YES;
				CLANG_WARN_NON_LITERAL_NULL_CONVERSION = YES;
				CLANG_WARN_OBJC_IMPLICIT_RETAIN_SELF = YES;
				CLANG_WARN_OBJC_LITERAL_CONVERSION = YES;
				CLANG_WARN_OBJC_ROOT_CLASS = YES_ERROR;
				CLANG_WARN_QUOTED_INCLUDE_IN_FRAMEWORK_HEADER = YES;
				CLANG_WARN_RANGE_LOOP_ANALYSIS = YES;
				CLANG_WARN_STRICT_PROTOTYPES = YES;
				CLANG_WARN_SUSPICIOUS_MOVE = YES;
				CLANG_WARN_UNGUARDED_AVAILABILITY = YES_AGGRESSIVE;
				CLANG_WARN_UNREACHABLE_CODE = YES;
				CLANG_WARN__DUPLICATE_METHOD_MATCH = YES;
				COPY_PHASE_STRIP = NO;
				DEBUG_INFORMATION_FORMAT = "dwarf-with-dsym";
				ENABLE_NS_ASSERTIONS = NO;
				ENABLE_STRICT_OBJC_MSGSEND = YES;
				ENABLE_USER_SCRIPT_SANDBOXING = YES;
				GCC_C_LANGUAGE_STANDARD = gnu17;
				GCC_NO_COMMON_BLOCKS = YES;
				GCC_WARN_64_TO_32_BIT_CONVERSION = YES;
				GCC_WARN_ABOUT_RETURN_TYPE = YES_ERROR;
				GCC_WARN_UNDECLARED_SELECTOR = YES;
				GCC_WARN_UNINITIALIZED_AUTOS = YES_AGGRESSIVE;
				GCC_WARN_UNUSED_FUNCTION = YES;
				GCC_WARN_UNUSED_VARIABLE = YES;
				IPHONEOS_DEPLOYMENT_TARGET = 17.0;
				LOCALIZATION_PREFERS_STRING_CATALOGS = YES;
				MTL_ENABLE_DEBUG_INFO = NO;
				MTL_FAST_MATH = YES;
				SDKROOT = iphoneos;
				SWIFT_COMPILATION_MODE = wholemodule;
				VALIDATE_PRODUCT = YES;
			};
			name = Release;
		};
		7B3E1BBA2AF0D5E600EB1ECB /* Debug */ = {
			isa = XCBuildConfiguration;
			buildSettings = {
				ASSETCATALOG_COMPILER_APPICON_NAME = AppIcon;
				ASSETCATALOG_COMPILER_GLOBAL_ACCENT_COLOR_NAME = AccentColor;
				CODE_SIGN_IDENTITY = "Apple Development";
				"CODE_SIGN_IDENTITY[sdk=iphoneos*]" = "iPhone Developer";
				CODE_SIGN_STYLE = Manual;
				CURRENT_PROJECT_VERSION = 1;
				DEVELOPMENT_ASSET_PATHS = "\"ios-ci-cd/Preview Content\"";
				DEVELOPMENT_TEAM = "";
				"DEVELOPMENT_TEAM[sdk=iphoneos*]" = 2ZBVR8AP3W;
				ENABLE_PREVIEWS = YES;
				GENERATE_INFOPLIST_FILE = YES;
				INFOPLIST_KEY_LSApplicationCategoryType = "public.app-category.utilities";
				INFOPLIST_KEY_UIApplicationSceneManifest_Generation = YES;
				INFOPLIST_KEY_UIApplicationSupportsIndirectInputEvents = YES;
				INFOPLIST_KEY_UILaunchScreen_Generation = YES;
				INFOPLIST_KEY_UISupportedInterfaceOrientations_iPad = "UIInterfaceOrientationPortrait UIInterfaceOrientationPortraitUpsideDown UIInterfaceOrientationLandscapeLeft UIInterfaceOrientationLandscapeRight";
				INFOPLIST_KEY_UISupportedInterfaceOrientations_iPhone = "UIInterfaceOrientationPortrait UIInterfaceOrientationLandscapeLeft UIInterfaceOrientationLandscapeRight";
				LD_RUNPATH_SEARCH_PATHS = (
					"$(inherited)",
					"@executable_path/Frameworks",
				);
				MARKETING_VERSION = 1.0;
				PRODUCT_BUNDLE_IDENTIFIER = "com.neovasolutions.ios-ci-cd";
				PRODUCT_NAME = "$(TARGET_NAME)";
				PROVISIONING_PROFILE_SPECIFIER = "";
				"PROVISIONING_PROFILE_SPECIFIER[sdk=iphoneos*]" = "ios-ci-cd-dev-profile";
				SWIFT_EMIT_LOC_STRINGS = YES;
				SWIFT_VERSION = 5.0;
				TARGETED_DEVICE_FAMILY = "1,2";
			};
			name = Debug;
		};
		7B3E1BBB2AF0D5E600EB1ECB /* Release */ = {
			isa = XCBuildConfiguration;
			buildSettings = {
				ASSETCATALOG_COMPILER_APPICON_NAME = AppIcon;
				ASSETCATALOG_COMPILER_GLOBAL_ACCENT_COLOR_NAME = AccentColor;
				CODE_SIGN_IDENTITY = "Apple Development";
				"CODE_SIGN_IDENTITY[sdk=iphoneos*]" = "iPhone Developer";
				CODE_SIGN_STYLE = Manual;
				CURRENT_PROJECT_VERSION = 1;
				DEVELOPMENT_ASSET_PATHS = "\"ios-ci-cd/Preview Content\"";
				DEVELOPMENT_TEAM = "";
				"DEVELOPMENT_TEAM[sdk=iphoneos*]" = 2ZBVR8AP3W;
				ENABLE_PREVIEWS = YES;
				GENERATE_INFOPLIST_FILE = YES;
				INFOPLIST_KEY_LSApplicationCategoryType = "public.app-category.utilities";
				INFOPLIST_KEY_UIApplicationSceneManifest_Generation = YES;
				INFOPLIST_KEY_UIApplicationSupportsIndirectInputEvents = YES;
				INFOPLIST_KEY_UILaunchScreen_Generation = YES;
				INFOPLIST_KEY_UISupportedInterfaceOrientations_iPad = "UIInterfaceOrientationPortrait UIInterfaceOrientationPortraitUpsideDown UIInterfaceOrientationLandscapeLeft UIInterfaceOrientationLandscapeRight";
				INFOPLIST_KEY_UISupportedInterfaceOrientations_iPhone = "UIInterfaceOrientationPortrait UIInterfaceOrientationLandscapeLeft UIInterfaceOrientationLandscapeRight";
				LD_RUNPATH_SEARCH_PATHS = (
					"$(inherited)",
					"@executable_path/Frameworks",
				);
				MARKETING_VERSION = 1.0;
				PRODUCT_BUNDLE_IDENTIFIER = "com.neovasolutions.ios-ci-cd";
				PRODUCT_NAME = "$(TARGET_NAME)";
				PROVISIONING_PROFILE_SPECIFIER = "";
				"PROVISIONING_PROFILE_SPECIFIER[sdk=iphoneos*]" = "ios-ci-cd-dev-profile";
				SWIFT_EMIT_LOC_STRINGS = YES;
				SWIFT_VERSION = 5.0;
				TARGETED_DEVICE_FAMILY = "1,2";
			};
			name = Release;
		};
		7B3E1BBD2AF0D5E600EB1ECB /* Debug */ = {
			isa = XCBuildConfiguration;
			buildSettings = {
				ALWAYS_EMBED_SWIFT_STANDARD_LIBRARIES = YES;
				BUNDLE_LOADER = "$(TEST_HOST)";
				CODE_SIGN_STYLE = Automatic;
				CURRENT_PROJECT_VERSION = 1;
				DEVELOPMENT_TEAM = 2ZBVR8AP3W;
				GENERATE_INFOPLIST_FILE = YES;
				IPHONEOS_DEPLOYMENT_TARGET = 17.0;
				MARKETING_VERSION = 1.0;
				PRODUCT_BUNDLE_IDENTIFIER = "com.neovasolutions.ios-ci-cdTests";
				PRODUCT_NAME = "$(TARGET_NAME)";
				SWIFT_EMIT_LOC_STRINGS = NO;
				SWIFT_VERSION = 5.0;
				TARGETED_DEVICE_FAMILY = "1,2";
				TEST_HOST = "$(BUILT_PRODUCTS_DIR)/ios-ci-cd.app/$(BUNDLE_EXECUTABLE_FOLDER_PATH)/ios-ci-cd";
			};
			name = Debug;
		};
		7B3E1BBE2AF0D5E600EB1ECB /* Release */ = {
			isa = XCBuildConfiguration;
			buildSettings = {
				ALWAYS_EMBED_SWIFT_STANDARD_LIBRARIES = YES;
				BUNDLE_LOADER = "$(TEST_HOST)";
				CODE_SIGN_STYLE = Automatic;
				CURRENT_PROJECT_VERSION = 1;
				DEVELOPMENT_TEAM = 2ZBVR8AP3W;
				GENERATE_INFOPLIST_FILE = YES;
				IPHONEOS_DEPLOYMENT_TARGET = 17.0;
				MARKETING_VERSION = 1.0;
				PRODUCT_BUNDLE_IDENTIFIER = "com.neovasolutions.ios-ci-cdTests";
				PRODUCT_NAME = "$(TARGET_NAME)";
				SWIFT_EMIT_LOC_STRINGS = NO;
				SWIFT_VERSION = 5.0;
				TARGETED_DEVICE_FAMILY = "1,2";
				TEST_HOST = "$(BUILT_PRODUCTS_DIR)/ios-ci-cd.app/$(BUNDLE_EXECUTABLE_FOLDER_PATH)/ios-ci-cd";
			};
			name = Release;
		};
		7B3E1BC02AF0D5E600EB1ECB /* Debug */ = {
			isa = XCBuildConfiguration;
			buildSettings = {
				ALWAYS_EMBED_SWIFT_STANDARD_LIBRARIES = YES;
				CODE_SIGN_STYLE = Automatic;
				CURRENT_PROJECT_VERSION = 1;
				DEVELOPMENT_TEAM = 2ZBVR8AP3W;
				GENERATE_INFOPLIST_FILE = YES;
				MARKETING_VERSION = 1.0;
				PRODUCT_BUNDLE_IDENTIFIER = "com.neovasolutions.ios-ci-cdUITests";
				PRODUCT_NAME = "$(TARGET_NAME)";
				SWIFT_EMIT_LOC_STRINGS = NO;
				SWIFT_VERSION = 5.0;
				TARGETED_DEVICE_FAMILY = "1,2";
				TEST_TARGET_NAME = "ios-ci-cd";
			};
			name = Debug;
		};
		7B3E1BC12AF0D5E600EB1ECB /* Release */ = {
			isa = XCBuildConfiguration;
			buildSettings = {
				ALWAYS_EMBED_SWIFT_STANDARD_LIBRARIES = YES;
				CODE_SIGN_STYLE = Automatic;
				CURRENT_PROJECT_VERSION = 1;
				DEVELOPMENT_TEAM = 2ZBVR8AP3W;
				GENERATE_INFOPLIST_FILE = YES;
				MARKETING_VERSION = 1.0;
				PRODUCT_BUNDLE_IDENTIFIER = "com.neovasolutions.ios-ci-cdUITests";
				PRODUCT_NAME = "$(TARGET_NAME)";
				SWIFT_EMIT_LOC_STRINGS = NO;
				SWIFT_VERSION = 5.0;
				TARGETED_DEVICE_FAMILY = "1,2";
				TEST_TARGET_NAME = "ios-ci-cd";
			};
			name = Release;
		};
/* End XCBuildConfiguration section */

/* Begin XCConfigurationList section */
		7B3E1B8E2AF0D5E300EB1ECB /* Build configuration list for PBXProject "ios-ci-cd" */ = {
			isa = XCConfigurationList;
			buildConfigurations = (
				7B3E1BB72AF0D5E600EB1ECB /* Debug */,
				7B3E1BB82AF0D5E600EB1ECB /* Release */,
			);
			defaultConfigurationIsVisible = 0;
			defaultConfigurationName = Release;
		};
		7B3E1BB92AF0D5E600EB1ECB /* Build configuration list for PBXNativeTarget "ios-ci-cd" */ = {
			isa = XCConfigurationList;
			buildConfigurations = (
				7B3E1BBA2AF0D5E600EB1ECB /* Debug */,
				7B3E1BBB2AF0D5E600EB1ECB /* Release */,
			);
			defaultConfigurationIsVisible = 0;
			defaultConfigurationName = Release;
		};
		7B3E1BBC2AF0D5E600EB1ECB /* Build configuration list for PBXNativeTarget "ios-ci-cdTests" */ = {
			isa = XCConfigurationList;
			buildConfigurations = (
				7B3E1BBD2AF0D5E600EB1ECB /* Debug */,
				7B3E1BBE2AF0D5E600EB1ECB /* Release */,
			);
			defaultConfigurationIsVisible = 0;
			defaultConfigurationName = Release;
		};
		7B3E1BBF2AF0D5E600EB1ECB /* Build configuration list for PBXNativeTarget "ios-ci-cdUITests" */ = {
			isa = XCConfigurationList;
			buildConfigurations = (
				7B3E1BC02AF0D5E600EB1ECB /* Debug */,
				7B3E1BC12AF0D5E600EB1ECB /* Release */,
			);
			defaultConfigurationIsVisible = 0;
			defaultConfigurationName = Release;
		};
/* End XCConfigurationList section */
	};
	rootObject = 7B3E1B8B2AF0D5E300EB1ECB /* Project object */;
}
